
Microsoft Visual Studio Solution File, Format Version 12.00
# Visual Studio Version 17
VisualStudioVersion = 17.2.32630.192
MinimumVisualStudioVersion = 10.0.40219.1
Project("{FAE04EC0-301F-11D3-BF4B-00C04F79EFBC}") = "PitchFinder", "PitchFinder\PitchFinder.csproj", "{FECAEAFC-8839-441A-AB4A-8C8475A44D86}"
EndProject
Global
	GlobalSection(SolutionConfigurationPlatforms) = preSolution
		Debug|Any CPU = Debug|Any CPU
		Release|Any CPU = Release|Any CPU
	EndGlobalSection
	GlobalSection(ProjectConfigurationPlatforms) = postSolution
		{FECAEAFC-8839-441A-AB4A-8C8475A44D86}.Debug|Any CPU.ActiveCfg = Debug|Any CPU
		{FECAEAFC-8839-441A-AB4A-8C8475A44D86}.Debug|Any CPU.Build.0 = Debug|Any CPU
		{FECAEAFC-8839-441A-AB4A-8C8475A44D86}.Release|Any CPU.ActiveCfg = Release|Any CPU
		{FECAEAFC-8839-441A-AB4A-8C8475A44D86}.Release|Any CPU.Build.0 = Release|Any CPU
	EndGlobalSection
	GlobalSection(SolutionProperties) = preSolution
		HideSolutionNode = FALSE
	EndGlobalSection
	GlobalSection(ExtensibilityGlobals) = postSolution
		SolutionGuid = {5FF9A103-4F2C-43BC-B880-9940C733BC32}
	EndGlobalSection
EndGlobal
